
Microsoft Visual Studio Solution File, Format Version 12.00
# Visual Studio Version 16
VisualStudioVersion = 16.0.32002.261
MinimumVisualStudioVersion = 10.0.40219.1
Project("{FAE04EC0-301F-11D3-BF4B-00C04F79EFBC}") = "Leaflet_Example", "Leaflet_Example\Leaflet_Example.csproj", "{5F65AF35-C73C-4912-AA37-1B5D8F2EB643}"
EndProject
Global
	GlobalSection(SolutionConfigurationPlatforms) = preSolution
		Debug|Any CPU = Debug|Any CPU
		Release|Any CPU = Release|Any CPU
	EndGlobalSection
	GlobalSection(ProjectConfigurationPlatforms) = postSolution
		{5F65AF35-C73C-4912-AA37-1B5D8F2EB643}.Debug|Any CPU.ActiveCfg = Debug|Any CPU
		{5F65AF35-C73C-4912-AA37-1B5D8F2EB643}.Debug|Any CPU.Build.0 = Debug|Any CPU
		{5F65AF35-C73C-4912-AA37-1B5D8F2EB643}.Release|Any CPU.ActiveCfg = Release|Any CPU
		{5F65AF35-C73C-4912-AA37-1B5D8F2EB643}.Release|Any CPU.Build.0 = Release|Any CPU
	EndGlobalSection
	GlobalSection(SolutionProperties) = preSolution
		HideSolutionNode = FALSE
	EndGlobalSection
	GlobalSection(ExtensibilityGlobals) = postSolution
		SolutionGuid = {CF30D798-ED0B-41CF-820A-C0582251696E}
	EndGlobalSection
EndGlobal
